github.com/kelvins/sunrisesunset v0.0.0-20170601204625-14f1915ad4b4 h1:8GEzGYjqXcb1PW2RFrkbsv7Gzq4v9ykbjy6lUc9nbnM=
github.com/kelvins/sunrisesunset v0.0.0-20170601204625-14f1915ad4b4/go.mod h1:3oZ7G+fb8Z8KF+KPHxeDO3GWpEjgvk/f+d/yaxmDRT4=
github.com/kelvins/sunrisesunset v0.0.0-20210220141756-39fa1bd816d5 h1:ouekCqYkMw4QXFCaLyYqjBe99/MUW4Qf3DJhCRh1G18=
github.com/kelvins/sunrisesunset v0.0.0-20210220141756-39fa1bd816d5/go.mod h1:3oZ7G+fb8Z8KF+KPHxeDO3GWpEjgvk/f+d/yaxmDRT4=
github.com/yosssi/gmq v0.0.1 h1:GhlDVaAQoi3Mvjul/qJXXGfL4JBeE0GQwbWp3eIsja8=
github.com/yosssi/gmq v0.0.1/go.mod h1:mReykazh0U1JabvuWh1PEbzzJftqOQWsjr0Lwg5jL1Y=
